{
  "name": "@fortawesome/fontawesome-svg-core",
  "version": "6.5.1",
  "lockfileVersion": 1,
  "requires": true,
  "dependencies": {
    "@fortawesome/fontawesome-common-types": {
      "version": "6.5.1",
      "resolved": "https://registry.npmjs.org/@fortawesome/fontawesome-common-types/-/fontawesome-common-types-6.5.1.tgz",
      "integrity": "sha512-GkWzv+L6d2bI5f/Vk6ikJ9xtl7dfXtoRu3YGE6nq0p/FFqA1ebMOAWg3XgRyb0I6LYyYkiAo+3/KrwuBp8xG7A=="
    },
    "@fortawesome/fontawesome-svg-core": {
      "version": "file:",
      "requires": {
        "@fortawesome/fontawesome-common-types": "6.5.1",
        "@fortawesome/fontawesome-svg-core": "file:"
      }
    }
  }
}
