{
  "name": "@fortawesome/fontawesome-common-types",
  "version": "6.5.1",
  "lockfileVersion": 1,
  "requires": true,
  "dependencies": {
    "@fortawesome/fontawesome-common-types": {
      "version": "file:",
      "requires": {
        "@fortawesome/fontawesome-common-types": "file:"
      }
    }
  }
}
